// !$*UTF8*$!
{
	archiveVersion = 1;
	classes = {
	};
	objectVersion = 50;
	objects = {

/* Begin PBXBuildFile section */
		DA0722062131746300D0FA91 /* AppDelegate.swift in Sources */ = {isa = PBXBuildFile; fileRef = DA0722052131746300D0FA91 /* AppDelegate.swift */; };
		DA0722082131746300D0FA91 /* ViewController.swift in Sources */ = {isa = PBXBuildFile; fileRef = DA0722072131746300D0FA91 /* ViewController.swift */; };
		DA07220B2131746300D0FA91 /* Main.storyboard in Resources */ = {isa = PBXBuildFile; fileRef = DA0722092131746300D0FA91 /* Main.storyboard */; };
		DA07220D2131746300D0FA91 /* Assets.xcassets in Resources */ = {isa = PBXBuildFile; fileRef = DA07220C2131746300D0FA91 /* Assets.xcassets */; };
		DA0722102131746300D0FA91 /* LaunchScreen.storyboard in Resources */ = {isa = PBXBuildFile; fileRef = DA07220E2131746300D0FA91 /* LaunchScreen.storyboard */; };
		DA07221B2131746300D0FA91 /* TDD_BowlingGameTests.swift in Sources */ = {isa = PBXBuildFile; fileRef = DA07221A2131746300D0FA91 /* TDD_BowlingGameTests.swift */; };
		DA0722262131755900D0FA91 /* Game.swift in Sources */ = {isa = PBXBuildFile; fileRef = DA0722252131755900D0FA91 /* Game.swift */; };
		DA0722272131760D00D0FA91 /* Game.swift in Sources */ = {isa = PBXBuildFile; fileRef = DA0722252131755900D0FA91 /* Game.swift */; };
		DA6228D1214971B3000312CD /* ScoreTableViewCell.swift in Sources */ = {isa = PBXBuildFile; fileRef = DA6228D0214971B3000312CD /* ScoreTableViewCell.swift */; };
		DA839D91214A30FF00F70CD2 /* TDD_BowlingGameUITests.swift in Sources */ = {isa = PBXBuildFile; fileRef = DA839D90214A30FF00F70CD2 /* TDD_BowlingGameUITests.swift */; };
		DA839D98214A310700F70CD2 /* BownlingUITest.swift in Sources */ = {isa = PBXBuildFile; fileRef = DA839D88214A30E900F70CD2 /* BownlingUITest.swift */; };
/* End PBXBuildFile section */

/* Begin PBXContainerItemProxy section */
		DA0722172131746300D0FA91 /* PBXContainerItemProxy */ = {
			isa = PBXContainerItemProxy;
			containerPortal = DA0721FA2131746300D0FA91 /* Project object */;
			proxyType = 1;
			remoteGlobalIDString = DA0722012131746300D0FA91;
			remoteInfo = "TDD-BowlingGame";
		};
		DA839D93214A30FF00F70CD2 /* PBXContainerItemProxy */ = {
			isa = PBXContainerItemProxy;
			containerPortal = DA0721FA2131746300D0FA91 /* Project object */;
			proxyType = 1;
			remoteGlobalIDString = DA0722012131746300D0FA91;
			remoteInfo = "TDD-BowlingGame";
		};
/* End PBXContainerItemProxy section */

/* Begin PBXFileReference section */
		DA0722022131746300D0FA91 /* TDD-BowlingGame.app */ = {isa = PBXFileReference; explicitFileType = wrapper.application; includeInIndex = 0; path = "TDD-BowlingGame.app"; sourceTree = BUILT_PRODUCTS_DIR; };
		DA0722052131746300D0FA91 /* AppDelegate.swift */ = {isa = PBXFileReference; lastKnownFileType = sourcecode.swift; path = AppDelegate.swift; sourceTree = "<group>"; };
		DA0722072131746300D0FA91 /* ViewController.swift */ = {isa = PBXFileReference; lastKnownFileType = sourcecode.swift; path = ViewController.swift; sourceTree = "<group>"; };
		DA07220A2131746300D0FA91 /* Base */ = {isa = PBXFileReference; lastKnownFileType = file.storyboard; name = Base; path = Base.lproj/Main.storyboard; sourceTree = "<group>"; };
		DA07220C2131746300D0FA91 /* Assets.xcassets */ = {isa = PBXFileReference; lastKnownFileType = folder.assetcatalog; path = Assets.xcassets; sourceTree = "<group>"; };
		DA07220F2131746300D0FA91 /* Base */ = {isa = PBXFileReference; lastKnownFileType = file.storyboard; name = Base; path = Base.lproj/LaunchScreen.storyboard; sourceTree = "<group>"; };
		DA0722112131746300D0FA91 /* Info.plist */ = {isa = PBXFileReference; lastKnownFileType = text.plist.xml; path = Info.plist; sourceTree = "<group>"; };
		DA0722162131746300D0FA91 /* TDD-BowlingGameTests.xctest */ = {isa = PBXFileReference; explicitFileType = wrapper.cfbundle; includeInIndex = 0; path = "TDD-BowlingGameTests.xctest"; sourceTree = BUILT_PRODUCTS_DIR; };
		DA07221A2131746300D0FA91 /* TDD_BowlingGameTests.swift */ = {isa = PBXFileReference; lastKnownFileType = sourcecode.swift; path = TDD_BowlingGameTests.swift; sourceTree = "<group>"; };
		DA07221C2131746300D0FA91 /* Info.plist */ = {isa = PBXFileReference; lastKnownFileType = text.plist.xml; path = Info.plist; sourceTree = "<group>"; };
		DA0722252131755900D0FA91 /* Game.swift */ = {isa = PBXFileReference; lastKnownFileType = sourcecode.swift; path = Game.swift; sourceTree = "<group>"; };
		DA6228D0214971B3000312CD /* ScoreTableViewCell.swift */ = {isa = PBXFileReference; lastKnownFileType = sourcecode.swift; path = ScoreTableViewCell.swift; sourceTree = "<group>"; };
		DA6228DA21499F92000312CD /* TDD_BowlingGameUITests.swift */ = {isa = PBXFileReference; lastKnownFileType = sourcecode.swift; path = TDD_BowlingGameUITests.swift; sourceTree = "<group>"; };
		DA6228DC21499F92000312CD /* Info.plist */ = {isa = PBXFileReference; lastKnownFileType = text.plist.xml; path = Info.plist; sourceTree = "<group>"; };
		DA839D88214A30E900F70CD2 /* BownlingUITest.swift */ = {isa = PBXFileReference; lastKnownFileType = sourcecode.swift; path = BownlingUITest.swift; sourceTree = "<group>"; };
		DA839D8E214A30FF00F70CD2 /* TDD-BowlingGameUITests.xctest */ = {isa = PBXFileReference; explicitFileType = wrapper.cfbundle; includeInIndex = 0; path = "TDD-BowlingGameUITests.xctest"; sourceTree = BUILT_PRODUCTS_DIR; };
		DA839D90214A30FF00F70CD2 /* TDD_BowlingGameUITests.swift */ = {isa = PBXFileReference; lastKnownFileType = sourcecode.swift; path = TDD_BowlingGameUITests.swift; sourceTree = "<group>"; };
		DA839D92214A30FF00F70CD2 /* Info.plist */ = {isa = PBXFileReference; lastKnownFileType = text.plist.xml; path = Info.plist; sourceTree = "<group>"; };
/* End PBXFileReference section */

/* Begin PBXFrameworksBuildPhase section */
		DA0721FF2131746300D0FA91 /* Frameworks */ = {
			isa = PBXFrameworksBuildPhase;
			buildActionMask = 2147483647;
			files = (
			);
			runOnlyForDeploymentPostprocessing = 0;
		};
		DA0722132131746300D0FA91 /* Frameworks */ = {
			isa = PBXFrameworksBuildPhase;
			buildActionMask = 2147483647;
			files = (
			);
			runOnlyForDeploymentPostprocessing = 0;
		};
		DA839D8B214A30FF00F70CD2 /* Frameworks */ = {
			isa = PBXFrameworksBuildPhase;
			buildActionMask = 2147483647;
			files = (
			);
			runOnlyForDeploymentPostprocessing = 0;
		};
/* End PBXFrameworksBuildPhase section */

/* Begin PBXGroup section */
		DA0721F92131746300D0FA91 = {
			isa = PBXGroup;
			children = (
				DA839D88214A30E900F70CD2 /* BownlingUITest.swift */,
				DA0722042131746300D0FA91 /* TDD-BowlingGame */,
				DA0722192131746300D0FA91 /* TDD-BowlingGameTests */,
				DA6228D921499F92000312CD /* TDD-BowlingGameUITests */,
				DA839D8F214A30FF00F70CD2 /* TDD-BowlingGameUITests */,
				DA0722032131746300D0FA91 /* Products */,
			);
			sourceTree = "<group>";
		};
		DA0722032131746300D0FA91 /* Products */ = {
			isa = PBXGroup;
			children = (
				DA0722022131746300D0FA91 /* TDD-BowlingGame.app */,
				DA0722162131746300D0FA91 /* TDD-BowlingGameTests.xctest */,
				DA839D8E214A30FF00F70CD2 /* TDD-BowlingGameUITests.xctest */,
			);
			name = Products;
			sourceTree = "<group>";
		};
		DA0722042131746300D0FA91 /* TDD-BowlingGame */ = {
			isa = PBXGroup;
			children = (
				DA0722052131746300D0FA91 /* AppDelegate.swift */,
				DA0722072131746300D0FA91 /* ViewController.swift */,
				DA0722252131755900D0FA91 /* Game.swift */,
				DA0722092131746300D0FA91 /* Main.storyboard */,
				DA6228D0214971B3000312CD /* ScoreTableViewCell.swift */,
				DA07220C2131746300D0FA91 /* Assets.xcassets */,
				DA07220E2131746300D0FA91 /* LaunchScreen.storyboard */,
				DA0722112131746300D0FA91 /* Info.plist */,
			);
			path = "TDD-BowlingGame";
			sourceTree = "<group>";
		};
		DA0722192131746300D0FA91 /* TDD-BowlingGameTests */ = {
			isa = PBXGroup;
			children = (
				DA07221A2131746300D0FA91 /* TDD_BowlingGameTests.swift */,
				DA07221C2131746300D0FA91 /* Info.plist */,
			);
			path = "TDD-BowlingGameTests";
			sourceTree = "<group>";
		};
		DA6228D921499F92000312CD /* TDD-BowlingGameUITests */ = {
			isa = PBXGroup;
			children = (
				DA6228DA21499F92000312CD /* TDD_BowlingGameUITests.swift */,
				DA6228DC21499F92000312CD /* Info.plist */,
			);
			path = "TDD-BowlingGameUITests";
			sourceTree = "<group>";
		};
		DA839D8F214A30FF00F70CD2 /* TDD-BowlingGameUITests */ = {
			isa = PBXGroup;
			children = (
				DA839D90214A30FF00F70CD2 /* TDD_BowlingGameUITests.swift */,
				DA839D92214A30FF00F70CD2 /* Info.plist */,
			);
			path = "TDD-BowlingGameUITests";
			sourceTree = "<group>";
		};
/* End PBXGroup section */

/* Begin PBXNativeTarget section */
		DA0722012131746300D0FA91 /* TDD-BowlingGame */ = {
			isa = PBXNativeTarget;
			buildConfigurationList = DA07221F2131746300D0FA91 /* Build configuration list for PBXNativeTarget "TDD-BowlingGame" */;
			buildPhases = (
				DA0721FE2131746300D0FA91 /* Sources */,
				DA0721FF2131746300D0FA91 /* Frameworks */,
				DA0722002131746300D0FA91 /* Resources */,
			);
			buildRules = (
			);
			dependencies = (
			);
			name = "TDD-BowlingGame";
			productName = "TDD-BowlingGame";
			productReference = DA0722022131746300D0FA91 /* TDD-BowlingGame.app */;
			productType = "com.apple.product-type.application";
		};
		DA0722152131746300D0FA91 /* TDD-BowlingGameTests */ = {
			isa = PBXNativeTarget;
			buildConfigurationList = DA0722222131746300D0FA91 /* Build configuration list for PBXNativeTarget "TDD-BowlingGameTests" */;
			buildPhases = (
				DA0722122131746300D0FA91 /* Sources */,
				DA0722132131746300D0FA91 /* Frameworks */,
				DA0722142131746300D0FA91 /* Resources */,
			);
			buildRules = (
			);
			dependencies = (
				DA0722182131746300D0FA91 /* PBXTargetDependency */,
			);
			name = "TDD-BowlingGameTests";
			productName = "TDD-BowlingGameTests";
			productReference = DA0722162131746300D0FA91 /* TDD-BowlingGameTests.xctest */;
			productType = "com.apple.product-type.bundle.unit-test";
		};
		DA839D8D214A30FF00F70CD2 /* TDD-BowlingGameUITests */ = {
			isa = PBXNativeTarget;
			buildConfigurationList = DA839D95214A30FF00F70CD2 /* Build configuration list for PBXNativeTarget "TDD-BowlingGameUITests" */;
			buildPhases = (
				DA839D8A214A30FF00F70CD2 /* Sources */,
				DA839D8B214A30FF00F70CD2 /* Frameworks */,
				DA839D8C214A30FF00F70CD2 /* Resources */,
			);
			buildRules = (
			);
			dependencies = (
				DA839D94214A30FF00F70CD2 /* PBXTargetDependency */,
			);
			name = "TDD-BowlingGameUITests";
			productName = "TDD-BowlingGameUITests";
			productReference = DA839D8E214A30FF00F70CD2 /* TDD-BowlingGameUITests.xctest */;
			productType = "com.apple.product-type.bundle.ui-testing";
		};
/* End PBXNativeTarget section */

/* Begin PBXProject section */
		DA0721FA2131746300D0FA91 /* Project object */ = {
			isa = PBXProject;
			attributes = {
				LastSwiftUpdateCheck = 0940;
				LastUpgradeCheck = 0940;
				ORGANIZATIONNAME = HyerTech;
				TargetAttributes = {
					DA0722012131746300D0FA91 = {
						CreatedOnToolsVersion = 9.4.1;
					};
					DA0722152131746300D0FA91 = {
						CreatedOnToolsVersion = 9.4.1;
						TestTargetID = DA0722012131746300D0FA91;
					};
					DA839D8D214A30FF00F70CD2 = {
						CreatedOnToolsVersion = 9.4.1;
						TestTargetID = DA0722012131746300D0FA91;
					};
				};
			};
			buildConfigurationList = DA0721FD2131746300D0FA91 /* Build configuration list for PBXProject "TDD-BowlingGame" */;
			compatibilityVersion = "Xcode 9.3";
			developmentRegion = en;
			hasScannedForEncodings = 0;
			knownRegions = (
				en,
				Base,
			);
			mainGroup = DA0721F92131746300D0FA91;
			productRefGroup = DA0722032131746300D0FA91 /* Products */;
			projectDirPath = "";
			projectRoot = "";
			targets = (
				DA0722012131746300D0FA91 /* TDD-BowlingGame */,
				DA0722152131746300D0FA91 /* TDD-BowlingGameTests */,
				DA839D8D214A30FF00F70CD2 /* TDD-BowlingGameUITests */,
			);
		};
/* End PBXProject section */

/* Begin PBXResourcesBuildPhase section */
		DA0722002131746300D0FA91 /* Resources */ = {
			isa = PBXResourcesBuildPhase;
			buildActionMask = 2147483647;
			files = (
				DA0722102131746300D0FA91 /* LaunchScreen.storyboard in Resources */,
				DA07220D2131746300D0FA91 /* Assets.xcassets in Resources */,
				DA07220B2131746300D0FA91 /* Main.storyboard in Resources */,
			);
			runOnlyForDeploymentPostprocessing = 0;
		};
		DA0722142131746300D0FA91 /* Resources */ = {
			isa = PBXResourcesBuildPhase;
			buildActionMask = 2147483647;
			files = (
			);
			runOnlyForDeploymentPostprocessing = 0;
		};
		DA839D8C214A30FF00F70CD2 /* Resources */ = {
			isa = PBXResourcesBuildPhase;
			buildActionMask = 2147483647;
			files = (
			);
			runOnlyForDeploymentPostprocessing = 0;
		};
/* End PBXResourcesBuildPhase section */

/* Begin PBXSourcesBuildPhase section */
		DA0721FE2131746300D0FA91 /* Sources */ = {
			isa = PBXSourcesBuildPhase;
			buildActionMask = 2147483647;
			files = (
				DA0722082131746300D0FA91 /* ViewController.swift in Sources */,
				DA0722262131755900D0FA91 /* Game.swift in Sources */,
				DA6228D1214971B3000312CD /* ScoreTableViewCell.swift in Sources */,
				DA0722062131746300D0FA91 /* AppDelegate.swift in Sources */,
			);
			runOnlyForDeploymentPostprocessing = 0;
		};
		DA0722122131746300D0FA91 /* Sources */ = {
			isa = PBXSourcesBuildPhase;
			buildActionMask = 2147483647;
			files = (
				DA07221B2131746300D0FA91 /* TDD_BowlingGameTests.swift in Sources */,
				DA0722272131760D00D0FA91 /* Game.swift in Sources */,
			);
			runOnlyForDeploymentPostprocessing = 0;
		};
		DA839D8A214A30FF00F70CD2 /* Sources */ = {
			isa = PBXSourcesBuildPhase;
			buildActionMask = 2147483647;
			files = (
				DA839D91214A30FF00F70CD2 /* TDD_BowlingGameUITests.swift in Sources */,
				DA839D98214A310700F70CD2 /* BownlingUITest.swift in Sources */,
			);
			runOnlyForDeploymentPostprocessing = 0;
		};
/* End PBXSourcesBuildPhase section */

/* Begin PBXTargetDependency section */
		DA0722182131746300D0FA91 /* PBXTargetDependency */ = {
			isa = PBXTargetDependency;
			target = DA0722012131746300D0FA91 /* TDD-BowlingGame */;
			targetProxy = DA0722172131746300D0FA91 /* PBXContainerItemProxy */;
		};
		DA839D94214A30FF00F70CD2 /* PBXTargetDependency */ = {
			isa = PBXTargetDependency;
			target = DA0722012131746300D0FA91 /* TDD-BowlingGame */;
			targetProxy = DA839D93214A30FF00F70CD2 /* PBXContainerItemProxy */;
		};
/* End PBXTargetDependency section */

/* Begin PBXVariantGroup section */
		DA0722092131746300D0FA91 /* Main.storyboard */ = {
			isa = PBXVariantGroup;
			children = (
				DA07220A2131746300D0FA91 /* Base */,
			);
			name = Main.storyboard;
			sourceTree = "<group>";
		};
		DA07220E2131746300D0FA91 /* LaunchScreen.storyboard */ = {
			isa = PBXVariantGroup;
			children = (
				DA07220F2131746300D0FA91 /* Base */,
			);
			name = LaunchScreen.storyboard;
			sourceTree = "<group>";
		};
/* End PBXVariantGroup section */

/* Begin XCBuildConfiguration section */
		DA07221D2131746300D0FA91 /* Debug */ = {
			isa = XCBuildConfiguration;
			buildSettings = {
				ALWAYS_SEARCH_USER_PATHS = NO;
				CLANG_ANALYZER_NONNULL = YES;
				CLANG_ANALYZER_NUMBER_OBJECT_CONVERSION = YES_AGGRESSIVE;
				CLANG_CXX_LANGUAGE_STANDARD = "gnu++14";
				CLANG_CXX_LIBRARY = "libc++";
				CLANG_ENABLE_MODULES = YES;
				CLANG_ENABLE_OBJC_ARC = YES;
				CLANG_ENABLE_OBJC_WEAK = YES;
				CLANG_WARN_BLOCK_CAPTURE_AUTORELEASING = YES;
				CLANG_WARN_BOOL_CONVERSION = YES;
				CLANG_WARN_COMMA = YES;
				CLANG_WARN_CONSTANT_CONVERSION = YES;
				CLANG_WARN_DEPRECATED_OBJC_IMPLEMENTATIONS = YES;
				CLANG_WARN_DIRECT_OBJC_ISA_USAGE = YES_ERROR;
				CLANG_WARN_DOCUMENTATION_COMMENTS = YES;
				CLANG_WARN_EMPTY_BODY = YES;
				CLANG_WARN_ENUM_CONVERSION = YES;
				CLANG_WARN_INFINITE_RECURSION = YES;
				CLANG_WARN_INT_CONVERSION = YES;
				CLANG_WARN_NON_LITERAL_NULL_CONVERSION = YES;
				CLANG_WARN_OBJC_IMPLICIT_RETAIN_SELF = YES;
				CLANG_WARN_OBJC_LITERAL_CONVERSION = YES;
				CLANG_WARN_OBJC_ROOT_CLASS = YES_ERROR;
				CLANG_WARN_RANGE_LOOP_ANALYSIS = YES;
				CLANG_WARN_STRICT_PROTOTYPES = YES;
				CLANG_WARN_SUSPICIOUS_MOVE = YES;
				CLANG_WARN_UNGUARDED_AVAILABILITY = YES_AGGRESSIVE;
				CLANG_WARN_UNREACHABLE_CODE = YES;
				CLANG_WARN__DUPLICATE_METHOD_MATCH = YES;
				CODE_SIGN_IDENTITY = "iPhone Developer";
				COPY_PHASE_STRIP = NO;
				DEBUG_INFORMATION_FORMAT = dwarf;
				ENABLE_STRICT_OBJC_MSGSEND = YES;
				ENABLE_TESTABILITY = YES;
				GCC_C_LANGUAGE_STANDARD = gnu11;
				GCC_DYNAMIC_NO_PIC = NO;
				GCC_NO_COMMON_BLOCKS = YES;
				GCC_OPTIMIZATION_LEVEL = 0;
				GCC_PREPROCESSOR_DEFINITIONS = (
					"DEBUG=1",
					"$(inherited)",
				);
				GCC_WARN_64_TO_32_BIT_CONVERSION = YES;
				GCC_WARN_ABOUT_RETURN_TYPE = YES_ERROR;
				GCC_WARN_UNDECLARED_SELECTOR = YES;
				GCC_WARN_UNINITIALIZED_AUTOS = YES_AGGRESSIVE;
				GCC_WARN_UNUSED_FUNCTION = YES;
				GCC_WARN_UNUSED_VARIABLE = YES;
				IPHONEOS_DEPLOYMENT_TARGET = 11.4;
				MTL_ENABLE_DEBUG_INFO = YES;
				ONLY_ACTIVE_ARCH = YES;
				SDKROOT = iphoneos;
				SWIFT_ACTIVE_COMPILATION_CONDITIONS = DEBUG;
				SWIFT_OPTIMIZATION_LEVEL = "-Onone";
			};
			name = Debug;
		};
		DA07221E2131746300D0FA91 /* Release */ = {
			isa = XCBuildConfiguration;
			buildSettings = {
				ALWAYS_SEARCH_USER_PATHS = NO;
				CLANG_ANALYZER_NONNULL = YES;
				CLANG_ANALYZER_NUMBER_OBJECT_CONVERSION = YES_AGGRESSIVE;
				CLANG_CXX_LANGUAGE_STANDARD = "gnu++14";
				CLANG_CXX_LIBRARY = "libc++";
				CLANG_ENABLE_MODULES = YES;
				CLANG_ENABLE_OBJC_ARC = YES;
				CLANG_ENABLE_OBJC_WEAK = YES;
				CLANG_WARN_BLOCK_CAPTURE_AUTORELEASING = YES;
				CLANG_WARN_BOOL_CONVERSION = YES;
				CLANG_WARN_COMMA = YES;
				CLANG_WARN_CONSTANT_CONVERSION = YES;
				CLANG_WARN_DEPRECATED_OBJC_IMPLEMENTATIONS = YES;
				CLANG_WARN_DIRECT_OBJC_ISA_USAGE = YES_ERROR;
				CLANG_WARN_DOCUMENTATION_COMMENTS = YES;
				CLANG_WARN_EMPTY_BODY = YES;
				CLANG_WARN_ENUM_CONVERSION = YES;
				CLANG_WARN_INFINITE_RECURSION = YES;
				CLANG_WARN_INT_CONVERSION = YES;
				CLANG_WARN_NON_LITERAL_NULL_CONVERSION = YES;
				CLANG_WARN_OBJC_IMPLICIT_RETAIN_SELF = YES;
				CLANG_WARN_OBJC_LITERAL_CONVERSION = YES;
				CLANG_WARN_OBJC_ROOT_CLASS = YES_ERROR;
				CLANG_WARN_RANGE_LOOP_ANALYSIS = YES;
				CLANG_WARN_STRICT_PROTOTYPES = YES;
				CLANG_WARN_SUSPICIOUS_MOVE = YES;
				CLANG_WARN_UNGUARDED_AVAILABILITY = YES_AGGRESSIVE;
				CLANG_WARN_UNREACHABLE_CODE = YES;
				CLANG_WARN__DUPLICATE_METHOD_MATCH = YES;
				CODE_SIGN_IDENTITY = "iPhone Developer";
				COPY_PHASE_STRIP = NO;
				DEBUG_INFORMATION_FORMAT = "dwarf-with-dsym";
				ENABLE_NS_ASSERTIONS = NO;
				ENABLE_STRICT_OBJC_MSGSEND = YES;
				GCC_C_LANGUAGE_STANDARD = gnu11;
				GCC_NO_COMMON_BLOCKS = YES;
				GCC_WARN_64_TO_32_BIT_CONVERSION = YES;
				GCC_WARN_ABOUT_RETURN_TYPE = YES_ERROR;
				GCC_WARN_UNDECLARED_SELECTOR = YES;
				GCC_WARN_UNINITIALIZED_AUTOS = YES_AGGRESSIVE;
				GCC_WARN_UNUSED_FUNCTION = YES;
				GCC_WARN_UNUSED_VARIABLE = YES;
				IPHONEOS_DEPLOYMENT_TARGET = 11.4;
				MTL_ENABLE_DEBUG_INFO = NO;
				SDKROOT = iphoneos;
				SWIFT_COMPILATION_MODE = wholemodule;
				SWIFT_OPTIMIZATION_LEVEL = "-O";
				VALIDATE_PRODUCT = YES;
			};
			name = Release;
		};
		DA0722202131746300D0FA91 /* Debug */ = {
			isa = XCBuildConfiguration;
			buildSettings = {
				ASSETCATALOG_COMPILER_APPICON_NAME = AppIcon;
				CODE_SIGN_STYLE = Automatic;
				DEVELOPMENT_TEAM = KU48Y2UB6V;
				INFOPLIST_FILE = "TDD-BowlingGame/Info.plist";
				IPHONEOS_DEPLOYMENT_TARGET = 11.0;
				LD_RUNPATH_SEARCH_PATHS = (
					"$(inherited)",
					"@executable_path/Frameworks",
				);
				PRODUCT_BUNDLE_IDENTIFIER = "com.hyer.real.TDD-BowlingGame";
				PRODUCT_NAME = "$(TARGET_NAME)";
				SWIFT_COMPILATION_MODE = wholemodule;
				SWIFT_VERSION = 4.0;
				TARGETED_DEVICE_FAMILY = "1,2";
			};
			name = Debug;
		};
		DA0722212131746300D0FA91 /* Release */ = {
			isa = XCBuildConfiguration;
			buildSettings = {
				ASSETCATALOG_COMPILER_APPICON_NAME = AppIcon;
				CODE_SIGN_STYLE = Automatic;
				DEVELOPMENT_TEAM = KU48Y2UB6V;
				INFOPLIST_FILE = "TDD-BowlingGame/Info.plist";
				IPHONEOS_DEPLOYMENT_TARGET = 11.0;
				LD_RUNPATH_SEARCH_PATHS = (
					"$(inherited)",
					"@executable_path/Frameworks",
				);
				PRODUCT_BUNDLE_IDENTIFIER = "com.hyer.real.TDD-BowlingGame";
				PRODUCT_NAME = "$(TARGET_NAME)";
				SWIFT_VERSION = 4.0;
				TARGETED_DEVICE_FAMILY = "1,2";
			};
			name = Release;
		};
		DA0722232131746300D0FA91 /* Debug */ = {
			isa = XCBuildConfiguration;
			buildSettings = {
				ALWAYS_EMBED_SWIFT_STANDARD_LIBRARIES = YES;
				BUNDLE_LOADER = "$(TEST_HOST)";
				CODE_SIGN_STYLE = Automatic;
				DEVELOPMENT_TEAM = KU48Y2UB6V;
				INFOPLIST_FILE = "TDD-BowlingGameTests/Info.plist";
				LD_RUNPATH_SEARCH_PATHS = (
					"$(inherited)",
					"@executable_path/Frameworks",
					"@loader_path/Frameworks",
				);
				PRODUCT_BUNDLE_IDENTIFIER = "com.hyer.real.TDD-BowlingGameTests";
				PRODUCT_NAME = "$(TARGET_NAME)";
				SWIFT_VERSION = 4.0;
				TARGETED_DEVICE_FAMILY = "1,2";
				TEST_HOST = "$(BUILT_PRODUCTS_DIR)/TDD-BowlingGame.app/TDD-BowlingGame";
			};
			name = Debug;
		};
		DA0722242131746300D0FA91 /* Release */ = {
			isa = XCBuildConfiguration;
			buildSettings = {
				ALWAYS_EMBED_SWIFT_STANDARD_LIBRARIES = YES;
				BUNDLE_LOADER = "$(TEST_HOST)";
				CODE_SIGN_STYLE = Automatic;
				DEVELOPMENT_TEAM = KU48Y2UB6V;
				INFOPLIST_FILE = "TDD-BowlingGameTests/Info.plist";
				LD_RUNPATH_SEARCH_PATHS = (
					"$(inherited)",
					"@executable_path/Frameworks",
					"@loader_path/Frameworks",
				);
				PRODUCT_BUNDLE_IDENTIFIER = "com.hyer.real.TDD-BowlingGameTests";
				PRODUCT_NAME = "$(TARGET_NAME)";
				SWIFT_VERSION = 4.0;
				TARGETED_DEVICE_FAMILY = "1,2";
				TEST_HOST = "$(BUILT_PRODUCTS_DIR)/TDD-BowlingGame.app/TDD-BowlingGame";
			};
			name = Release;
		};
		DA839D96214A30FF00F70CD2 /* Debug */ = {
			isa = XCBuildConfiguration;
			buildSettings = {
				CODE_SIGN_STYLE = Automatic;
				DEVELOPMENT_TEAM = KU48Y2UB6V;
				INFOPLIST_FILE = "TDD-BowlingGameUITests/Info.plist";
				LD_RUNPATH_SEARCH_PATHS = (
					"$(inherited)",
					"@executable_path/Frameworks",
					"@loader_path/Frameworks",
				);
				PRODUCT_BUNDLE_IDENTIFIER = "com.hyer.real.TDD-BowlingGameUITests";
				PRODUCT_NAME = "$(TARGET_NAME)";
				SWIFT_VERSION = 4.0;
				TARGETED_DEVICE_FAMILY = "1,2";
				TEST_TARGET_NAME = "TDD-BowlingGame";
			};
			name = Debug;
		};
		DA839D97214A30FF00F70CD2 /* Release */ = {
			isa = XCBuildConfiguration;
			buildSettings = {
				CODE_SIGN_STYLE = Automatic;
				DEVELOPMENT_TEAM = KU48Y2UB6V;
				INFOPLIST_FILE = "TDD-BowlingGameUITests/Info.plist";
				LD_RUNPATH_SEARCH_PATHS = (
					"$(inherited)",
					"@executable_path/Frameworks",
					"@loader_path/Frameworks",
				);
				PRODUCT_BUNDLE_IDENTIFIER = "com.hyer.real.TDD-BowlingGameUITests";
				PRODUCT_NAME = "$(TARGET_NAME)";
				SWIFT_VERSION = 4.0;
				TARGETED_DEVICE_FAMILY = "1,2";
				TEST_TARGET_NAME = "TDD-BowlingGame";
			};
			name = Release;
		};
/* End XCBuildConfiguration section */

/* Begin XCConfigurationList section */
		DA0721FD2131746300D0FA91 /* Build configuration list for PBXProject "TDD-BowlingGame" */ = {
			isa = XCConfigurationList;
			buildConfigurations = (
				DA07221D2131746300D0FA91 /* Debug */,
				DA07221E2131746300D0FA91 /* Release */,
			);
			defaultConfigurationIsVisible = 0;
			defaultConfigurationName = Release;
		};
		DA07221F2131746300D0FA91 /* Build configuration list for PBXNativeTarget "TDD-BowlingGame" */ = {
			isa = XCConfigurationList;
			buildConfigurations = (
				DA0722202131746300D0FA91 /* Debug */,
				DA0722212131746300D0FA91 /* Release */,
			);
			defaultConfigurationIsVisible = 0;
			defaultConfigurationName = Release;
		};
		DA0722222131746300D0FA91 /* Build configuration list for PBXNativeTarget "TDD-BowlingGameTests" */ = {
			isa = XCConfigurationList;
			buildConfigurations = (
				DA0722232131746300D0FA91 /* Debug */,
				DA0722242131746300D0FA91 /* Release */,
			);
			defaultConfigurationIsVisible = 0;
			defaultConfigurationName = Release;
		};
		DA839D95214A30FF00F70CD2 /* Build configuration list for PBXNativeTarget "TDD-BowlingGameUITests" */ = {
			isa = XCConfigurationList;
			buildConfigurations = (
				DA839D96214A30FF00F70CD2 /* Debug */,
				DA839D97214A30FF00F70CD2 /* Release */,
			);
			defaultConfigurationIsVisible = 0;
			defaultConfigurationName = Release;
		};
/* End XCConfigurationList section */
	};
	rootObject = DA0721FA2131746300D0FA91 /* Project object */;
}
